{
  "requires": true,
  "lockfileVersion": 1,
  "dependencies": {
    "@types/node": {
      "version": "10.12.18",
      "resolved": "https://registry.npmjs.org/@types/node/-/node-10.12.18.tgz",
      "integrity": "sha512-fh+pAqt4xRzPfqA6eh3Z2y6fyZavRIumvjhaCL753+TVkGKGhpPeyrJG2JftD0T9q4GF00KjefsQ+PQNDdWQaQ=="
    },
    "dottype": {
      "version": "0.0.12",
      "resolved": "https://registry.npmjs.org/dottype/-/dottype-0.0.12.tgz",
      "integrity": "sha512-GJasl2OptN/b/bwuJ+dKBvlv2ScMwennTAffe+o1/ZyeUVJriecD6PlBCjv/DZm26Q8lgI7NswFSgekpsQHLMg=="
    },
    "dottype.io": {
      "version": "0.0.1",
      "resolved": "https://registry.npmjs.org/dottype.io/-/dottype.io-0.0.1.tgz",
      "integrity": "sha512-H276+7QT+MpvbxYzyqGGuJmXWDkRReKanLr7UVlJ07uQPdfN3C5Gu6Qzy7ntU78PpRr5rV9bVOodcEB7Db0OCg==",
      "requires": {
        "@types/node": "^10.12.18"
      }
    },
    "dottype.utils": {
      "version": "0.0.1",
      "resolved": "https://registry.npmjs.org/dottype.utils/-/dottype.utils-0.0.1.tgz",
      "integrity": "sha512-UFKeDfJI+83lTou6D2Jh2oJQ9Wm8mOfmzqO5yBfl1FiJTaKyY9CEpaHklJoTujrSdBOvKFey7Q7zteeewUwUaQ==",
      "requires": {
        "dottype": "0.0.12"
      }
    },
    "dottype.webserver": {
      "version": "0.0.5",
      "resolved": "https://registry.npmjs.org/dottype.webserver/-/dottype.webserver-0.0.5.tgz",
      "integrity": "sha512-VaJPs2zA96h1ixjmmvAJ4cjGs33XBHXsCeieL+LAs/qTqVdDHTiiZopBZZv4YoGf2uDtO3Ia17YwBScDDn8qUg==",
      "requires": {
        "dottype": "0.0.12",
        "dottype.io": "0.0.1",
        "dottype.utils": "0.0.1"
      }
    },
    "dottype.webserver.cookie": {
      "version": "0.0.1",
      "resolved": "https://registry.npmjs.org/dottype.webserver.cookie/-/dottype.webserver.cookie-0.0.1.tgz",
      "integrity": "sha512-x06iLf1eALhNZY5V0f6ZnSj8rYz/LeYiCH6coAd4QyXCFbVz8FJZj4J87x1hsFmBUnGiIVC5sz1bBwBHDKY0jA==",
      "requires": {
        "dottype": "0.0.12",
        "dottype.utils": "0.0.1",
        "dottype.webserver": "0.0.5"
      }
    }
  }
}
